{
  "version": "5",
  "specifiers": {
    "jsr:@fuman/deno@0.0.21": "0.0.21",
    "jsr:@fuman/io@^0.0.21": "0.0.21",
    "jsr:@fuman/net@0.0.21": "0.0.21",
    "jsr:@fuman/net@^0.0.21": "0.0.21",
    "jsr:@fuman/utils@^0.0.21": "0.0.21",
    "jsr:@hono/hono@4.12.33": "4.12.33",
    "jsr:@mtcute/convert@0.31.0": "0.31.0",
    "jsr:@mtcute/core@0.31": "0.31.0",
    "jsr:@mtcute/deno@0.31.0": "0.31.0",
    "jsr:@mtcute/file-id@0.31": "0.31.0",
    "jsr:@mtcute/html-parser@0.31": "0.31.0",
    "jsr:@mtcute/markdown-parser@0.31": "0.31.0",
    "jsr:@mtcute/markdown-parser@0.31.0": "0.31.0",
    "jsr:@mtcute/tl-runtime@0.31": "0.31.0",
    "jsr:@mtcute/wasm@0.31": "0.31.0",
    "jsr:@std/assert@^1.0.6": "1.0.19",
    "jsr:@std/async@^1.5.0": "1.5.0",
    "jsr:@std/data-structures@^1.1.2": "1.1.2",
    "jsr:@std/internal@^1.0.12": "1.0.14",
    "jsr:@std/io@0.223.0": "0.223.0",
    "jsr:@std/testing@^1.0.20": "1.0.20",
    "jsr:@zod/zod@4.4.3": "4.4.3",
    "npm:@fuman/io@0.0.21": "0.0.21",
    "npm:@fuman/net@0.0.21": "0.0.21",
    "npm:@fuman/utils@0.0.21": "0.0.21",
    "npm:htmlparser2@10": "10.1.0",
    "npm:long@^5.3.2": "5.3.2",
    "npm:pg@8.22.0": "8.22.0"
  },
  "jsr": {
    "@fuman/deno@0.0.21": {
      "integrity": "bd2d303010d94c0c3d40f1934c78b55c2488e19dcbf6094e7b749c2e9d7d586f",
      "dependencies": [
        "jsr:@fuman/io@^0.0.21",
        "jsr:@fuman/net@^0.0.21",
        "jsr:@fuman/utils@^0.0.21"
      ]
    },
    "@fuman/io@0.0.21": {
      "integrity": "9c61a19576ce295d70945781362c005db507ba6981d21c2a08d4f0be0fece1eb",
      "dependencies": [
        "jsr:@fuman/utils@^0.0.21"
      ]
    },
    "@fuman/net@0.0.21": {
      "integrity": "f7d0b51f95b7968b820fc10608093b6b91a5b79c12b30c5a6f77bd62c2ab7022",
      "dependencies": [
        "jsr:@fuman/io@^0.0.21",
        "jsr:@fuman/utils@^0.0.21"
      ]
    },
    "@fuman/utils@0.0.21": {
      "integrity": "03c9a21c28d984f57a79b16007b952dd3f82c33bc169ddb141445aca7a43aa70"
    },
    "@hono/hono@4.12.33": {
      "integrity": "0df9fd54840e64fd3c10455aed240ed1dbc8b2773b6d9b825e3a681378d1ba77"
    },
    "@mtcute/convert@0.31.0": {
      "integrity": "f27826fb386f90a91c79329a69685c0a5dc7b1404d6ea538b66357c66c6be13a",
      "dependencies": [
        "jsr:@mtcute/core",
        "npm:@fuman/io@0.0.21",
        "npm:@fuman/net@0.0.21",
        "npm:@fuman/utils@0.0.21"
      ]
    },
    "@mtcute/core@0.31.0": {
      "integrity": "cbe38b856720bb282fee7513fd273e824db7fe19a91b99f1036069c5cf68668f",
      "dependencies": [
        "jsr:@mtcute/file-id",
        "jsr:@mtcute/tl-runtime",
        "npm:@fuman/io@0.0.21",
        "npm:@fuman/net@0.0.21",
        "npm:@fuman/utils@0.0.21",
        "npm:long"
      ]
    },
    "@mtcute/deno@0.31.0": {
      "integrity": "4760cacd28b5631788a920218436cf55c41ee3500e8b5df3b0a5320454e8c013",
      "dependencies": [
        "jsr:@fuman/deno",
        "jsr:@fuman/net@0.0.21",
        "jsr:@mtcute/core",
        "jsr:@mtcute/html-parser",
        "jsr:@mtcute/markdown-parser@0.31",
        "jsr:@mtcute/wasm",
        "jsr:@std/io"
      ]
    },
    "@mtcute/file-id@0.31.0": {
      "integrity": "bbbacf02074f30adc725d7c908219388f8ae2c86c6f0c2d6b711496032d92cac",
      "dependencies": [
        "jsr:@mtcute/tl-runtime",
        "npm:@fuman/utils@0.0.21",
        "npm:long"
      ]
    },
    "@mtcute/html-parser@0.31.0": {
      "integrity": "c13a10d52e0675d391a6d9dfb1da95c48fd54cc482f07fe8c6d008a3a1078461",
      "dependencies": [
        "jsr:@mtcute/core",
        "npm:htmlparser2",
        "npm:long"
      ]
    },
    "@mtcute/markdown-parser@0.31.0": {
      "integrity": "04d07925aa4bded4612490663aadc1cd3ec0b6467113615f36abc78ec7824c99",
      "dependencies": [
        "jsr:@mtcute/core",
        "npm:long"
      ]
    },
    "@mtcute/tl-runtime@0.31.0": {
      "integrity": "3c50f36a71f1605e2acf6b95fd20f38ef45e614101f59101d40f2f6e6c737f70",
      "dependencies": [
        "npm:@fuman/utils@0.0.21",
        "npm:long"
      ]
    },
    "@mtcute/wasm@0.31.0": {
      "integrity": "be09fe5eba771c8b695343771042e2cd4bd12ca254a3ffa66b00739212134158"
    },
    "@std/assert@1.0.19": {
      "integrity": "eaada96ee120cb980bc47e040f82814d786fe8162ecc53c91d8df60b8755991e",
      "dependencies": [
        "jsr:@std/internal"
      ]
    },
    "@std/async@1.5.0": {
      "integrity": "4c1f22d287a17ad7d8643b1952bc5a4d21e5d8b68dc8c20d8268eecc69096e82"
    },
    "@std/data-structures@1.1.2": {
      "integrity": "2471377c9e0051f9ec34e57d0ebd0ad133a5a889677446ec6ba9938e4e102918"
    },
    "@std/internal@1.0.14": {
      "integrity": "291516b3d4c35024d6ffbc0a9df5bf4c64116e05b50012cf846710152d2ffdf7"
    },
    "@std/io@0.223.0": {
      "integrity": "2d8c3c2ab3a515619b90da2c6ff5ea7b75a94383259ef4d02116b228393f84f1"
    },
    "@std/testing@1.0.20": {
      "integrity": "21380ed438672762e4ec549cbf4fe41c5b68f5598773a30b64abe7375513e721",
      "dependencies": [
        "jsr:@std/async",
        "jsr:@std/data-structures"
      ]
    },
    "@zod/zod@4.4.3": {
      "integrity": "4712ac0967efaa718b37c36eaffb4e1d4457e1a266aef6efb3ab36f54a6fefe4"
    }
  },
  "npm": {
    "@fuman/io@0.0.21": {
      "integrity": "sha512-8tSqmAUBWFdYrQUednl3I3VxLudaVXfyCqmPyiaDAXgmABTnjD2LvbXoJ7StrV9bvlrwVmwE+smwiKXSJtji0g==",
      "dependencies": [
        "@fuman/utils"
      ]
    },
    "@fuman/net@0.0.21": {
      "integrity": "sha512-4PbDA2f6SfR5CtOs7omZNrrRh1X23KQBI0XmpL/r1fVd726H6+IfhDRxm/fgNKlLgMwe6pGbI/hzt8JU0y0sgw==",
      "dependencies": [
        "@fuman/io",
        "@fuman/utils"
      ]
    },
    "@fuman/utils@0.0.21": {
      "integrity": "sha512-2N5bPK18uGgZRans+ZQ33SE+xSGj4BZNnJbSUnGdH/i4ADTdz/ziC/16Qy3/Jqzbrwr21IpuKObnELp8DDfkDQ=="
    },
    "dom-serializer@2.0.0": {
      "integrity": "sha512-wIkAryiqt/nV5EQKqQpo3SToSOV9J0DnbJqwK7Wv/Trc92zIAYZ4FlMu+JPFW1DfGFt81ZTCGgDEabffXeLyJg==",
      "dependencies": [
        "domelementtype",
        "domhandler",
        "entities@4.5.0"
      ]
    },
    "domelementtype@2.3.0": {
      "integrity": "sha512-OLETBj6w0OsagBwdXnPdN0cnMfF9opN69co+7ZrbfPGrdpPVNBUj02spi6B1N7wChLQiPn4CSH/zJvXw56gmHw=="
    },
    "domhandler@5.0.3": {
      "integrity": "sha512-cgwlv/1iFQiFnU96XXgROh8xTeetsnJiDsTc7TYCLFd9+/WNkIqPTxiM/8pSd8VIrhXGTf1Ny1q1hquVqDJB5w==",
      "dependencies": [
        "domelementtype"
      ]
    },
    "domutils@3.2.2": {
      "integrity": "sha512-6kZKyUajlDuqlHKVX1w7gyslj9MPIXzIFiz/rGu35uC1wMi+kMhQwGhl4lt9unC9Vb9INnY9Z3/ZA3+FhASLaw==",
      "dependencies": [
        "dom-serializer",
        "domelementtype",
        "domhandler"
      ]
    },
    "entities@4.5.0": {
      "integrity": "sha512-V0hjH4dGPh9Ao5p0MoRY6BVqtwCjhz6vI5LT8AJ55H+4g9/4vbHx1I54fS0XuclLhDHArPQCiMjDxjaL8fPxhw=="
    },
    "entities@7.0.1": {
      "integrity": "sha512-TWrgLOFUQTH994YUyl1yT4uyavY5nNB5muff+RtWaqNVCAK408b5ZnnbNAUEWLTCpum9w6arT70i1XdQ4UeOPA=="
    },
    "htmlparser2@10.1.0": {
      "integrity": "sha512-VTZkM9GWRAtEpveh7MSF6SjjrpNVNNVJfFup7xTY3UpFtm67foy9HDVXneLtFVt4pMz5kZtgNcvCniNFb1hlEQ==",
      "dependencies": [
        "domelementtype",
        "domhandler",
        "domutils",
        "entities@7.0.1"
      ]
    },
    "long@5.3.2": {
      "integrity": "sha512-mNAgZ1GmyNhD7AuqnTG3/VQ26o760+ZYBPKjPvugO8+nLbYfX6TVpJPseBvopbdY+qpZ/lKUnmEc1LeZYS3QAA=="
    },
    "pg-cloudflare@1.4.0": {
      "integrity": "sha512-Vo7z/6rrQYxpNRylp4Tlob2elzbh+N/MOQbxFVWCxS7oEx6jF53GTJFxK2WWpKuBRkmiin4Mt+xofFDjx09R0A=="
    },
    "pg-connection-string@2.14.0": {
      "integrity": "sha512-XwWDGcLRGCXAR8F/AM5bG7Q+A3Wm2s6QeEjlOKZLlH3UYcguiqCWKyWXVag5TLTIjR7oOJUY8kcADaZgWPyLeg=="
    },
    "pg-int8@1.0.1": {
      "integrity": "sha512-WCtabS6t3c8SkpDBUlb1kjOs7l66xsGdKpIPZsg4wR+B3+u9UAum2odSsF9tnvxg80h4ZxLWMy4pRjOsFIqQpw=="
    },
    "pg-pool@3.14.0_pg@8.22.0": {
      "integrity": "sha512-gKtPkFdQPU3DksooVLi9LsjZxrsBUZIpa+7aVx+LV5pNh0KzP4Zleud2po+ConrxbuXGBJ6Hfer6hdgpIBpBaw==",
      "dependencies": [
        "pg"
      ]
    },
    "pg-protocol@1.15.0": {
      "integrity": "sha512-cq9sECI5s0+uPUXjbz8ioyPJni6RzsRib0US67i5IoTZKw8fNeYlVE7u8F4dG7vEJJtc5wdD1K189lCCUwqWTQ=="
    },
    "pg-types@2.2.0": {
      "integrity": "sha512-qTAAlrEsl8s4OiEQY69wDvcMIdQN6wdz5ojQiOy6YRMuynxenON0O5oCpJI6lshc6scgAY8qvJ2On/p+CXY0GA==",
      "dependencies": [
        "pg-int8",
        "postgres-array",
        "postgres-bytea",
        "postgres-date",
        "postgres-interval"
      ]
    },
    "pg@8.22.0": {
      "integrity": "sha512-8wih1vVIBMxoUM2oB4soJsD9tDnDpLv4OXBJ+EJzFsvycD+lfyIreC2gGHq78f8jbLLt+bvlPTFdFZfJkOuzAA==",
      "dependencies": [
        "pg-connection-string",
        "pg-pool",
        "pg-protocol",
        "pg-types",
        "pgpass"
      ],
      "optionalDependencies": [
        "pg-cloudflare"
      ]
    },
    "pgpass@1.0.5": {
      "integrity": "sha512-FdW9r/jQZhSeohs1Z3sI1yxFQNFvMcnmfuj4WBMUTxOrAyLMaTcE1aAMBiTlbMNaXvBCQuVi0R7hd8udDSP7ug==",
      "dependencies": [
        "split2"
      ]
    },
    "postgres-array@2.0.0": {
      "integrity": "sha512-VpZrUqU5A69eQyW2c5CA1jtLecCsN2U/bD6VilrFDWq5+5UIEVO7nazS3TEcHf1zuPYO/sqGvUvW62g86RXZuA=="
    },
    "postgres-bytea@1.0.1": {
      "integrity": "sha512-5+5HqXnsZPE65IJZSMkZtURARZelel2oXUEO8rH83VS/hxH5vv1uHquPg5wZs8yMAfdv971IU+kcPUczi7NVBQ=="
    },
    "postgres-date@1.0.7": {
      "integrity": "sha512-suDmjLVQg78nMK2UZ454hAG+OAW+HQPZ6n++TNDUX+L0+uUlLywnoxJKDou51Zm+zTCjrCl0Nq6J9C5hP9vK/Q=="
    },
    "postgres-interval@1.2.0": {
      "integrity": "sha512-9ZhXKM/rw350N1ovuWHbGxnGh/SNJ4cnxHiM0rxE4VN41wsg8P8zWn9hv/buK00RP4WvlOyr/RBDiptyxVbkZQ==",
      "dependencies": [
        "xtend"
      ]
    },
    "split2@4.2.0": {
      "integrity": "sha512-UcjcJOWknrNkF6PLX83qcHM6KHgVKNkV62Y8a5uYDVv9ydGQVwAHMKqHdJje1VTWpljG0WYpCDhrCdAOYH4TWg=="
    },
    "xtend@4.0.2": {
      "integrity": "sha512-LKYU1iAXJXUgAXn9URjiu+MWhyUXHsvfp7mcuYm9dSUKK0/CjtrUwFAxD82/mCWbtLsGjFIad0wIsod4zrTAEQ=="
    }
  },
  "workspace": {
    "dependencies": [
      "jsr:@hono/hono@4.12.33",
      "jsr:@mtcute/convert@0.31.0",
      "jsr:@mtcute/deno@0.31.0",
      "jsr:@mtcute/markdown-parser@0.31.0",
      "jsr:@std/assert@^1.0.6",
      "jsr:@std/testing@^1.0.20",
      "jsr:@zod/zod@4.4.3",
      "npm:pg@8.22.0"
    ]
  }
}
